// !$*UTF8*$!
{
	archiveVersion = 1;
	classes = {
	};
	objectVersion = 55;
	objects = {

/* Begin PBXBuildFile section */
		D8FBC55C28E9EEAD00D871AA /* TopTapBarApp.swift in Sources */ = {isa = PBXBuildFile; fileRef = D8FBC55B28E9EEAD00D871AA /* TopTapBarApp.swift */; };
		D8FBC55E28E9EEAD00D871AA /* ContentView.swift in Sources */ = {isa = PBXBuildFile; fileRef = D8FBC55D28E9EEAD00D871AA /* ContentView.swift */; };
		D8FBC56028E9EEAE00D871AA /* Assets.xcassets in Resources */ = {isa = PBXBuildFile; fileRef = D8FBC55F28E9EEAE00D871AA /* Assets.xcassets */; };
		D8FBC56328E9EEAE00D871AA /* Preview Assets.xcassets in Resources */ = {isa = PBXBuildFile; fileRef = D8FBC56228E9EEAE00D871AA /* Preview Assets.xcassets */; };
		D8FBC56528E9EEAE00D871AA /* Persistence.swift in Sources */ = {isa = PBXBuildFile; fileRef = D8FBC56428E9EEAE00D871AA /* Persistence.swift */; };
		D8FBC56828E9EEAE00D871AA /* TopTapBar.xcdatamodeld in Sources */ = {isa = PBXBuildFile; fileRef = D8FBC56628E9EEAE00D871AA /* TopTapBar.xcdatamodeld */; };
		D8FBC56F28E9EEFB00D871AA /* Home.swift in Sources */ = {isa = PBXBuildFile; fileRef = D8FBC56E28E9EEFB00D871AA /* Home.swift */; };
		D8FBC57128E9F39F00D871AA /* FilterModelView.swift in Sources */ = {isa = PBXBuildFile; fileRef = D8FBC57028E9F39F00D871AA /* FilterModelView.swift */; };
		D8FBC57428E9F60D00D871AA /* Localizable.strings in Resources */ = {isa = PBXBuildFile; fileRef = D8FBC57628E9F60D00D871AA /* Localizable.strings */; };
/* End PBXBuildFile section */

/* Begin PBXFileReference section */
		D8FBC55828E9EEAD00D871AA /* TopTapBar.app */ = {isa = PBXFileReference; explicitFileType = wrapper.application; includeInIndex = 0; path = TopTapBar.app; sourceTree = BUILT_PRODUCTS_DIR; };
		D8FBC55B28E9EEAD00D871AA /* TopTapBarApp.swift */ = {isa = PBXFileReference; lastKnownFileType = sourcecode.swift; path = TopTapBarApp.swift; sourceTree = "<group>"; };
		D8FBC55D28E9EEAD00D871AA /* ContentView.swift */ = {isa = PBXFileReference; lastKnownFileType = sourcecode.swift; path = ContentView.swift; sourceTree = "<group>"; };
		D8FBC55F28E9EEAE00D871AA /* Assets.xcassets */ = {isa = PBXFileReference; lastKnownFileType = folder.assetcatalog; path = Assets.xcassets; sourceTree = "<group>"; };
		D8FBC56228E9EEAE00D871AA /* Preview Assets.xcassets */ = {isa = PBXFileReference; lastKnownFileType = folder.assetcatalog; path = "Preview Assets.xcassets"; sourceTree = "<group>"; };
		D8FBC56428E9EEAE00D871AA /* Persistence.swift */ = {isa = PBXFileReference; lastKnownFileType = sourcecode.swift; path = Persistence.swift; sourceTree = "<group>"; };
		D8FBC56728E9EEAE00D871AA /* TopTapBar.xcdatamodel */ = {isa = PBXFileReference; lastKnownFileType = wrapper.xcdatamodel; path = TopTapBar.xcdatamodel; sourceTree = "<group>"; };
		D8FBC56E28E9EEFB00D871AA /* Home.swift */ = {isa = PBXFileReference; lastKnownFileType = sourcecode.swift; path = Home.swift; sourceTree = "<group>"; };
		D8FBC57028E9F39F00D871AA /* FilterModelView.swift */ = {isa = PBXFileReference; lastKnownFileType = sourcecode.swift; path = FilterModelView.swift; sourceTree = "<group>"; };
		D8FBC57528E9F60D00D871AA /* en */ = {isa = PBXFileReference; lastKnownFileType = text.plist.strings; name = en; path = en.lproj/Localizable.strings; sourceTree = "<group>"; };
		D8FBC57728E9F60F00D871AA /* ar */ = {isa = PBXFileReference; lastKnownFileType = text.plist.strings; name = ar; path = ar.lproj/Localizable.strings; sourceTree = "<group>"; };
/* End PBXFileReference section */

/* Begin PBXFrameworksBuildPhase section */
		D8FBC55528E9EEAD00D871AA /* Frameworks */ = {
			isa = PBXFrameworksBuildPhase;
			buildActionMask = 2147483647;
			files = (
			);
			runOnlyForDeploymentPostprocessing = 0;
		};
/* End PBXFrameworksBuildPhase section */

/* Begin PBXGroup section */
		D8FBC54F28E9EEAD00D871AA = {
			isa = PBXGroup;
			children = (
				D8FBC57928E9F73000D871AA /* ModelView */,
				D8FBC57828E9F72600D871AA /* View */,
				D8FBC57628E9F60D00D871AA /* Localizable.strings */,
				D8FBC55A28E9EEAD00D871AA /* TopTapBar */,
				D8FBC55928E9EEAD00D871AA /* Products */,
			);
			sourceTree = "<group>";
		};
		D8FBC55928E9EEAD00D871AA /* Products */ = {
			isa = PBXGroup;
			children = (
				D8FBC55828E9EEAD00D871AA /* TopTapBar.app */,
			);
			name = Products;
			sourceTree = "<group>";
		};
		D8FBC55A28E9EEAD00D871AA /* TopTapBar */ = {
			isa = PBXGroup;
			children = (
				D8FBC55B28E9EEAD00D871AA /* TopTapBarApp.swift */,
				D8FBC55D28E9EEAD00D871AA /* ContentView.swift */,
				D8FBC55F28E9EEAE00D871AA /* Assets.xcassets */,
				D8FBC56428E9EEAE00D871AA /* Persistence.swift */,
				D8FBC56628E9EEAE00D871AA /* TopTapBar.xcdatamodeld */,
				D8FBC56128E9EEAE00D871AA /* Preview Content */,
			);
			path = TopTapBar;
			sourceTree = "<group>";
		};
		D8FBC56128E9EEAE00D871AA /* Preview Content */ = {
			isa = PBXGroup;
			children = (
				D8FBC56228E9EEAE00D871AA /* Preview Assets.xcassets */,
			);
			path = "Preview Content";
			sourceTree = "<group>";
		};
		D8FBC57828E9F72600D871AA /* View */ = {
			isa = PBXGroup;
			children = (
				D8FBC56E28E9EEFB00D871AA /* Home.swift */,
			);
			path = View;
			sourceTree = "<group>";
		};
		D8FBC57928E9F73000D871AA /* ModelView */ = {
			isa = PBXGroup;
			children = (
				D8FBC57028E9F39F00D871AA /* FilterModelView.swift */,
			);
			path = ModelView;
			sourceTree = "<group>";
		};
/* End PBXGroup section */

/* Begin PBXNativeTarget section */
		D8FBC55728E9EEAD00D871AA /* TopTapBar */ = {
			isa = PBXNativeTarget;
			buildConfigurationList = D8FBC56B28E9EEAE00D871AA /* Build configuration list for PBXNativeTarget "TopTapBar" */;
			buildPhases = (
				D8FBC55428E9EEAD00D871AA /* Sources */,
				D8FBC55528E9EEAD00D871AA /* Frameworks */,
				D8FBC55628E9EEAD00D871AA /* Resources */,
			);
			buildRules = (
			);
			dependencies = (
			);
			name = TopTapBar;
			productName = TopTapBar;
			productReference = D8FBC55828E9EEAD00D871AA /* TopTapBar.app */;
			productType = "com.apple.product-type.application";
		};
/* End PBXNativeTarget section */

/* Begin PBXProject section */
		D8FBC55028E9EEAD00D871AA /* Project object */ = {
			isa = PBXProject;
			attributes = {
				BuildIndependentTargetsInParallel = 1;
				LastSwiftUpdateCheck = 1340;
				LastUpgradeCheck = 1340;
				TargetAttributes = {
					D8FBC55728E9EEAD00D871AA = {
						CreatedOnToolsVersion = 13.4.1;
					};
				};
			};
			buildConfigurationList = D8FBC55328E9EEAD00D871AA /* Build configuration list for PBXProject "TopTapBar" */;
			compatibilityVersion = "Xcode 13.0";
			developmentRegion = en;
			hasScannedForEncodings = 0;
			knownRegions = (
				en,
				Base,
				ar,
			);
			mainGroup = D8FBC54F28E9EEAD00D871AA;
			productRefGroup = D8FBC55928E9EEAD00D871AA /* Products */;
			projectDirPath = "";
			projectRoot = "";
			targets = (
				D8FBC55728E9EEAD00D871AA /* TopTapBar */,
			);
		};
/* End PBXProject section */

/* Begin PBXResourcesBuildPhase section */
		D8FBC55628E9EEAD00D871AA /* Resources */ = {
			isa = PBXResourcesBuildPhase;
			buildActionMask = 2147483647;
			files = (
				D8FBC56328E9EEAE00D871AA /* Preview Assets.xcassets in Resources */,
				D8FBC57428E9F60D00D871AA /* Localizable.strings in Resources */,
				D8FBC56028E9EEAE00D871AA /* Assets.xcassets in Resources */,
			);
			runOnlyForDeploymentPostprocessing = 0;
		};
/* End PBXResourcesBuildPhase section */

/* Begin PBXSourcesBuildPhase section */
		D8FBC55428E9EEAD00D871AA /* Sources */ = {
			isa = PBXSourcesBuildPhase;
			buildActionMask = 2147483647;
			files = (
				D8FBC56528E9EEAE00D871AA /* Persistence.swift in Sources */,
				D8FBC55E28E9EEAD00D871AA /* ContentView.swift in Sources */,
				D8FBC57128E9F39F00D871AA /* FilterModelView.swift in Sources */,
				D8FBC56F28E9EEFB00D871AA /* Home.swift in Sources */,
				D8FBC55C28E9EEAD00D871AA /* TopTapBarApp.swift in Sources */,
				D8FBC56828E9EEAE00D871AA /* TopTapBar.xcdatamodeld in Sources */,
			);
			runOnlyForDeploymentPostprocessing = 0;
		};
/* End PBXSourcesBuildPhase section */

/* Begin PBXVariantGroup section */
		D8FBC57628E9F60D00D871AA /* Localizable.strings */ = {
			isa = PBXVariantGroup;
			children = (
				D8FBC57528E9F60D00D871AA /* en */,
				D8FBC57728E9F60F00D871AA /* ar */,
			);
			name = Localizable.strings;
			sourceTree = "<group>";
		};
/* End PBXVariantGroup section */

/* Begin XCBuildConfiguration section */
		D8FBC56928E9EEAE00D871AA /* Debug */ = {
			isa = XCBuildConfiguration;
			buildSettings = {
				ALWAYS_SEARCH_USER_PATHS = NO;
				CLANG_ANALYZER_NONNULL = YES;
				CLANG_ANALYZER_NUMBER_OBJECT_CONVERSION = YES_AGGRESSIVE;
				CLANG_CXX_LANGUAGE_STANDARD = "gnu++17";
				CLANG_ENABLE_MODULES = YES;
				CLANG_ENABLE_OBJC_ARC = YES;
				CLANG_ENABLE_OBJC_WEAK = YES;
				CLANG_WARN_BLOCK_CAPTURE_AUTORELEASING = YES;
				CLANG_WARN_BOOL_CONVERSION = YES;
				CLANG_WARN_COMMA = YES;
				CLANG_WARN_CONSTANT_CONVERSION = YES;
				CLANG_WARN_DEPRECATED_OBJC_IMPLEMENTATIONS = YES;
				CLANG_WARN_DIRECT_OBJC_ISA_USAGE = YES_ERROR;
				CLANG_WARN_DOCUMENTATION_COMMENTS = YES;
				CLANG_WARN_EMPTY_BODY = YES;
				CLANG_WARN_ENUM_CONVERSION = YES;
				CLANG_WARN_INFINITE_RECURSION = YES;
				CLANG_WARN_INT_CONVERSION = YES;
				CLANG_WARN_NON_LITERAL_NULL_CONVERSION = YES;
				CLANG_WARN_OBJC_IMPLICIT_RETAIN_SELF = YES;
				CLANG_WARN_OBJC_LITERAL_CONVERSION = YES;
				CLANG_WARN_OBJC_ROOT_CLASS = YES_ERROR;
				CLANG_WARN_QUOTED_INCLUDE_IN_FRAMEWORK_HEADER = YES;
				CLANG_WARN_RANGE_LOOP_ANALYSIS = YES;
				CLANG_WARN_STRICT_PROTOTYPES = YES;
				CLANG_WARN_SUSPICIOUS_MOVE = YES;
				CLANG_WARN_UNGUARDED_AVAILABILITY = YES_AGGRESSIVE;
				CLANG_WARN_UNREACHABLE_CODE = YES;
				CLANG_WARN__DUPLICATE_METHOD_MATCH = YES;
				COPY_PHASE_STRIP = NO;
				DEBUG_INFORMATION_FORMAT = dwarf;
				ENABLE_STRICT_OBJC_MSGSEND = YES;
				ENABLE_TESTABILITY = YES;
				GCC_C_LANGUAGE_STANDARD = gnu11;
				GCC_DYNAMIC_NO_PIC = NO;
				GCC_NO_COMMON_BLOCKS = YES;
				GCC_OPTIMIZATION_LEVEL = 0;
				GCC_PREPROCESSOR_DEFINITIONS = (
					"DEBUG=1",
					"$(inherited)",
				);
				GCC_WARN_64_TO_32_BIT_CONVERSION = YES;
				GCC_WARN_ABOUT_RETURN_TYPE = YES_ERROR;
				GCC_WARN_UNDECLARED_SELECTOR = YES;
				GCC_WARN_UNINITIALIZED_AUTOS = YES_AGGRESSIVE;
				GCC_WARN_UNUSED_FUNCTION = YES;
				GCC_WARN_UNUSED_VARIABLE = YES;
				IPHONEOS_DEPLOYMENT_TARGET = 15.5;
				MTL_ENABLE_DEBUG_INFO = INCLUDE_SOURCE;
				MTL_FAST_MATH = YES;
				ONLY_ACTIVE_ARCH = YES;
				SDKROOT = iphoneos;
				SWIFT_ACTIVE_COMPILATION_CONDITIONS = DEBUG;
				SWIFT_OPTIMIZATION_LEVEL = "-Onone";
			};
			name = Debug;
		};
		D8FBC56A28E9EEAE00D871AA /* Release */ = {
			isa = XCBuildConfiguration;
			buildSettings = {
				ALWAYS_SEARCH_USER_PATHS = NO;
				CLANG_ANALYZER_NONNULL = YES;
				CLANG_ANALYZER_NUMBER_OBJECT_CONVERSION = YES_AGGRESSIVE;
				CLANG_CXX_LANGUAGE_STANDARD = "gnu++17";
				CLANG_ENABLE_MODULES = YES;
				CLANG_ENABLE_OBJC_ARC = YES;
				CLANG_ENABLE_OBJC_WEAK = YES;
				CLANG_WARN_BLOCK_CAPTURE_AUTORELEASING = YES;
				CLANG_WARN_BOOL_CONVERSION = YES;
				CLANG_WARN_COMMA = YES;
				CLANG_WARN_CONSTANT_CONVERSION = YES;
				CLANG_WARN_DEPRECATED_OBJC_IMPLEMENTATIONS = YES;
				CLANG_WARN_DIRECT_OBJC_ISA_USAGE = YES_ERROR;
				CLANG_WARN_DOCUMENTATION_COMMENTS = YES;
				CLANG_WARN_EMPTY_BODY = YES;
				CLANG_WARN_ENUM_CONVERSION = YES;
				CLANG_WARN_INFINITE_RECURSION = YES;
				CLANG_WARN_INT_CONVERSION = YES;
				CLANG_WARN_NON_LITERAL_NULL_CONVERSION = YES;
				CLANG_WARN_OBJC_IMPLICIT_RETAIN_SELF = YES;
				CLANG_WARN_OBJC_LITERAL_CONVERSION = YES;
				CLANG_WARN_OBJC_ROOT_CLASS = YES_ERROR;
				CLANG_WARN_QUOTED_INCLUDE_IN_FRAMEWORK_HEADER = YES;
				CLANG_WARN_RANGE_LOOP_ANALYSIS = YES;
				CLANG_WARN_STRICT_PROTOTYPES = YES;
				CLANG_WARN_SUSPICIOUS_MOVE = YES;
				CLANG_WARN_UNGUARDED_AVAILABILITY = YES_AGGRESSIVE;
				CLANG_WARN_UNREACHABLE_CODE = YES;
				CLANG_WARN__DUPLICATE_METHOD_MATCH = YES;
				COPY_PHASE_STRIP = NO;
				DEBUG_INFORMATION_FORMAT = "dwarf-with-dsym";
				ENABLE_NS_ASSERTIONS = NO;
				ENABLE_STRICT_OBJC_MSGSEND = YES;
				GCC_C_LANGUAGE_STANDARD = gnu11;
				GCC_NO_COMMON_BLOCKS = YES;
				GCC_WARN_64_TO_32_BIT_CONVERSION = YES;
				GCC_WARN_ABOUT_RETURN_TYPE = YES_ERROR;
				GCC_WARN_UNDECLARED_SELECTOR = YES;
				GCC_WARN_UNINITIALIZED_AUTOS = YES_AGGRESSIVE;
				GCC_WARN_UNUSED_FUNCTION = YES;
				GCC_WARN_UNUSED_VARIABLE = YES;
				IPHONEOS_DEPLOYMENT_TARGET = 15.5;
				MTL_ENABLE_DEBUG_INFO = NO;
				MTL_FAST_MATH = YES;
				SDKROOT = iphoneos;
				SWIFT_COMPILATION_MODE = wholemodule;
				SWIFT_OPTIMIZATION_LEVEL = "-O";
				VALIDATE_PRODUCT = YES;
			};
			name = Release;
		};
		D8FBC56C28E9EEAE00D871AA /* Debug */ = {
			isa = XCBuildConfiguration;
			buildSettings = {
				ASSETCATALOG_COMPILER_APPICON_NAME = AppIcon;
				ASSETCATALOG_COMPILER_GLOBAL_ACCENT_COLOR_NAME = AccentColor;
				CODE_SIGN_STYLE = Automatic;
				CURRENT_PROJECT_VERSION = 1;
				DEVELOPMENT_ASSET_PATHS = "\"TopTapBar/Preview Content\"";
				DEVELOPMENT_TEAM = NQUCPJVZ5U;
				ENABLE_PREVIEWS = YES;
				GENERATE_INFOPLIST_FILE = YES;
				INFOPLIST_KEY_UIApplicationSceneManifest_Generation = YES;
				INFOPLIST_KEY_UIApplicationSupportsIndirectInputEvents = YES;
				INFOPLIST_KEY_UILaunchScreen_Generation = YES;
				INFOPLIST_KEY_UISupportedInterfaceOrientations_iPad = "UIInterfaceOrientationPortrait UIInterfaceOrientationPortraitUpsideDown UIInterfaceOrientationLandscapeLeft UIInterfaceOrientationLandscapeRight";
				INFOPLIST_KEY_UISupportedInterfaceOrientations_iPhone = "UIInterfaceOrientationPortrait UIInterfaceOrientationLandscapeLeft UIInterfaceOrientationLandscapeRight";
				LD_RUNPATH_SEARCH_PATHS = (
					"$(inherited)",
					"@executable_path/Frameworks",
				);
				MARKETING_VERSION = 1.0;
				PRODUCT_BUNDLE_IDENTIFIER = com.Alhumaid.TopTapBar;
				PRODUCT_NAME = "$(TARGET_NAME)";
				SWIFT_EMIT_LOC_STRINGS = YES;
				SWIFT_VERSION = 5.0;
				TARGETED_DEVICE_FAMILY = "1,2";
			};
			name = Debug;
		};
		D8FBC56D28E9EEAE00D871AA /* Release */ = {
			isa = XCBuildConfiguration;
			buildSettings = {
				ASSETCATALOG_COMPILER_APPICON_NAME = AppIcon;
				ASSETCATALOG_COMPILER_GLOBAL_ACCENT_COLOR_NAME = AccentColor;
				CODE_SIGN_STYLE = Automatic;
				CURRENT_PROJECT_VERSION = 1;
				DEVELOPMENT_ASSET_PATHS = "\"TopTapBar/Preview Content\"";
				DEVELOPMENT_TEAM = NQUCPJVZ5U;
				ENABLE_PREVIEWS = YES;
				GENERATE_INFOPLIST_FILE = YES;
				INFOPLIST_KEY_UIApplicationSceneManifest_Generation = YES;
				INFOPLIST_KEY_UIApplicationSupportsIndirectInputEvents = YES;
				INFOPLIST_KEY_UILaunchScreen_Generation = YES;
				INFOPLIST_KEY_UISupportedInterfaceOrientations_iPad = "UIInterfaceOrientationPortrait UIInterfaceOrientationPortraitUpsideDown UIInterfaceOrientationLandscapeLeft UIInterfaceOrientationLandscapeRight";
				INFOPLIST_KEY_UISupportedInterfaceOrientations_iPhone = "UIInterfaceOrientationPortrait UIInterfaceOrientationLandscapeLeft UIInterfaceOrientationLandscapeRight";
				LD_RUNPATH_SEARCH_PATHS = (
					"$(inherited)",
					"@executable_path/Frameworks",
				);
				MARKETING_VERSION = 1.0;
				PRODUCT_BUNDLE_IDENTIFIER = com.Alhumaid.TopTapBar;
				PRODUCT_NAME = "$(TARGET_NAME)";
				SWIFT_EMIT_LOC_STRINGS = YES;
				SWIFT_VERSION = 5.0;
				TARGETED_DEVICE_FAMILY = "1,2";
			};
			name = Release;
		};
/* End XCBuildConfiguration section */

/* Begin XCConfigurationList section */
		D8FBC55328E9EEAD00D871AA /* Build configuration list for PBXProject "TopTapBar" */ = {
			isa = XCConfigurationList;
			buildConfigurations = (
				D8FBC56928E9EEAE00D871AA /* Debug */,
				D8FBC56A28E9EEAE00D871AA /* Release */,
			);
			defaultConfigurationIsVisible = 0;
			defaultConfigurationName = Release;
		};
		D8FBC56B28E9EEAE00D871AA /* Build configuration list for PBXNativeTarget "TopTapBar" */ = {
			isa = XCConfigurationList;
			buildConfigurations = (
				D8FBC56C28E9EEAE00D871AA /* Debug */,
				D8FBC56D28E9EEAE00D871AA /* Release */,
			);
			defaultConfigurationIsVisible = 0;
			defaultConfigurationName = Release;
		};
/* End XCConfigurationList section */

/* Begin XCVersionGroup section */
		D8FBC56628E9EEAE00D871AA /* TopTapBar.xcdatamodeld */ = {
			isa = XCVersionGroup;
			children = (
				D8FBC56728E9EEAE00D871AA /* TopTapBar.xcdatamodel */,
			);
			currentVersion = D8FBC56728E9EEAE00D871AA /* TopTapBar.xcdatamodel */;
			path = TopTapBar.xcdatamodeld;
			sourceTree = "<group>";
			versionGroupType = wrapper.xcdatamodel;
		};
/* End XCVersionGroup section */
	};
	rootObject = D8FBC55028E9EEAD00D871AA /* Project object */;
}
